// !$*UTF8*$!
{
	archiveVersion = 1;
	classes = {
	};
	objectVersion = 46;
	objects = {

/* Begin PBXBuildFile section */
		619D96C71C5B0F9800E3AA6D /* World.cpp in Sources */ = {isa = PBXBuildFile; fileRef = 619D96C51C5B0F9800E3AA6D /* World.cpp */; };
		61C81CF41C571BC3001732B0 /* Sleep.cpp in Sources */ = {isa = PBXBuildFile; fileRef = 61C81CEF1C571BC3001732B0 /* Sleep.cpp */; };
		61C81CF51C571BC3001732B0 /* main.cpp in Sources */ = {isa = PBXBuildFile; fileRef = 61C81CF01C571BC3001732B0 /* main.cpp */; };
		61C81CF61C571BC3001732B0 /* CoordinateSystem.cpp in Sources */ = {isa = PBXBuildFile; fileRef = 61C81CF31C571BC3001732B0 /* CoordinateSystem.cpp */; };
		61C81D141C571BDA001732B0 /* DisplayList.cpp in Sources */ = {isa = PBXBuildFile; fileRef = 61C81CF81C571BDA001732B0 /* DisplayList.cpp */; };
		61C81D151C571BDA001732B0 /* Material.cpp in Sources */ = {isa = PBXBuildFile; fileRef = 61C81CFC1C571BDA001732B0 /* Material.cpp */; };
		61C81D161C571BDA001732B0 /* MtlLibrary.cpp in Sources */ = {isa = PBXBuildFile; fileRef = 61C81CFE1C571BDA001732B0 /* MtlLibrary.cpp */; };
		61C81D171C571BDA001732B0 /* MtlLibraryManager.cpp in Sources */ = {isa = PBXBuildFile; fileRef = 61C81D001C571BDA001732B0 /* MtlLibraryManager.cpp */; };
		61C81D181C571BDA001732B0 /* ObjModel.cpp in Sources */ = {isa = PBXBuildFile; fileRef = 61C81D031C571BDA001732B0 /* ObjModel.cpp */; };
		61C81D191C571BDA001732B0 /* ObjStringParsing.cpp in Sources */ = {isa = PBXBuildFile; fileRef = 61C81D061C571BDA001732B0 /* ObjStringParsing.cpp */; };
		61C81D1A1C571BDA001732B0 /* SpriteFont.cpp in Sources */ = {isa = PBXBuildFile; fileRef = 61C81D081C571BDA001732B0 /* SpriteFont.cpp */; };
		61C81D1B1C571BDA001732B0 /* Texture.cpp in Sources */ = {isa = PBXBuildFile; fileRef = 61C81D0A1C571BDA001732B0 /* Texture.cpp */; };
		61C81D1C1C571BDA001732B0 /* TextureBmp.cpp in Sources */ = {isa = PBXBuildFile; fileRef = 61C81D0C1C571BDA001732B0 /* TextureBmp.cpp */; };
		61C81D1D1C571BDA001732B0 /* TextureManager.cpp in Sources */ = {isa = PBXBuildFile; fileRef = 61C81D0E1C571BDA001732B0 /* TextureManager.cpp */; };
		61C81D1E1C571BDA001732B0 /* Vector2.cpp in Sources */ = {isa = PBXBuildFile; fileRef = 61C81D101C571BDA001732B0 /* Vector2.cpp */; };
		61C81D1F1C571BDA001732B0 /* Vector3.cpp in Sources */ = {isa = PBXBuildFile; fileRef = 61C81D121C571BDA001732B0 /* Vector3.cpp */; };
		61C81D221C571BEE001732B0 /* GLUT.framework in Frameworks */ = {isa = PBXBuildFile; fileRef = 61C81D201C571BEE001732B0 /* GLUT.framework */; };
		61C81D231C571BEE001732B0 /* OpenGL.framework in Frameworks */ = {isa = PBXBuildFile; fileRef = 61C81D211C571BEE001732B0 /* OpenGL.framework */; };
		61C81D4E1C571CC8001732B0 /* Bolt.mtl in CopyFiles */ = {isa = PBXBuildFile; fileRef = 61C81D251C571C2C001732B0 /* Bolt.mtl */; };
		61C81D4F1C571CC8001732B0 /* Bolt.obj in CopyFiles */ = {isa = PBXBuildFile; fileRef = 61C81D261C571C2C001732B0 /* Bolt.obj */; };
		61C81D501C571CC8001732B0 /* Grapple-Red.bmp in CopyFiles */ = {isa = PBXBuildFile; fileRef = 61C81D271C571C2C001732B0 /* Grapple-Red.bmp */; };
		61C81D511C571CC8001732B0 /* Grapple.mtl in CopyFiles */ = {isa = PBXBuildFile; fileRef = 61C81D281C571C2C001732B0 /* Grapple.mtl */; };
		61C81D521C571CC8001732B0 /* Grapple.obj in CopyFiles */ = {isa = PBXBuildFile; fileRef = 61C81D291C571C2C001732B0 /* Grapple.obj */; };
		61C81D531C571CC8001732B0 /* Missile-Red.bmp in CopyFiles */ = {isa = PBXBuildFile; fileRef = 61C81D2A1C571C2C001732B0 /* Missile-Red.bmp */; };
		61C81D541C571CC8001732B0 /* Missile.mtl in CopyFiles */ = {isa = PBXBuildFile; fileRef = 61C81D2B1C571C2C001732B0 /* Missile.mtl */; };
		61C81D551C571CC8001732B0 /* Missile.obj in CopyFiles */ = {isa = PBXBuildFile; fileRef = 61C81D2C1C571C2C001732B0 /* Missile.obj */; };
		61C81D561C571CC8001732B0 /* MoonA.bmp in CopyFiles */ = {isa = PBXBuildFile; fileRef = 61C81D2D1C571C2C001732B0 /* MoonA.bmp */; };
		61C81D571C571CC8001732B0 /* MoonA.obj in CopyFiles */ = {isa = PBXBuildFile; fileRef = 61C81D2E1C571C2C001732B0 /* MoonA.obj */; };
		61C81D581C571CC8001732B0 /* MoonB.bmp in CopyFiles */ = {isa = PBXBuildFile; fileRef = 61C81D2F1C571C2C001732B0 /* MoonB.bmp */; };
		61C81D591C571CC8001732B0 /* MoonB.obj in CopyFiles */ = {isa = PBXBuildFile; fileRef = 61C81D301C571C2C001732B0 /* MoonB.obj */; };
		61C81D5A1C571CC8001732B0 /* MoonC.bmp in CopyFiles */ = {isa = PBXBuildFile; fileRef = 61C81D311C571C2C001732B0 /* MoonC.bmp */; };
		61C81D5B1C571CC8001732B0 /* MoonC.obj in CopyFiles */ = {isa = PBXBuildFile; fileRef = 61C81D321C571C2C001732B0 /* MoonC.obj */; };
		61C81D5C1C571CC8001732B0 /* MoonD.bmp in CopyFiles */ = {isa = PBXBuildFile; fileRef = 61C81D331C571C2C001732B0 /* MoonD.bmp */; };
		61C81D5D1C571CC8001732B0 /* MoonD.obj in CopyFiles */ = {isa = PBXBuildFile; fileRef = 61C81D341C571C2C001732B0 /* MoonD.obj */; };
		61C81D5E1C571CC8001732B0 /* MoonE.bmp in CopyFiles */ = {isa = PBXBuildFile; fileRef = 61C81D351C571C2C001732B0 /* MoonE.bmp */; };
		61C81D5F1C571CC8001732B0 /* MoonE.obj in CopyFiles */ = {isa = PBXBuildFile; fileRef = 61C81D361C571C2C001732B0 /* MoonE.obj */; };
		61C81D601C571CC8001732B0 /* MoonF.bmp in CopyFiles */ = {isa = PBXBuildFile; fileRef = 61C81D371C571C2C001732B0 /* MoonF.bmp */; };
		61C81D611C571CC8001732B0 /* MoonF.obj in CopyFiles */ = {isa = PBXBuildFile; fileRef = 61C81D381C571C2C001732B0 /* MoonF.obj */; };
		61C81D621C571CC8001732B0 /* MoonG.bmp in CopyFiles */ = {isa = PBXBuildFile; fileRef = 61C81D391C571C2C001732B0 /* MoonG.bmp */; };
		61C81D631C571CC8001732B0 /* MoonG.obj in CopyFiles */ = {isa = PBXBuildFile; fileRef = 61C81D3A1C571C2C001732B0 /* MoonG.obj */; };
		61C81D641C571CC8001732B0 /* MoonH.bmp in CopyFiles */ = {isa = PBXBuildFile; fileRef = 61C81D3B1C571C2C001732B0 /* MoonH.bmp */; };
		61C81D651C571CC8001732B0 /* MoonH.obj in CopyFiles */ = {isa = PBXBuildFile; fileRef = 61C81D3C1C571C2C001732B0 /* MoonH.obj */; };
		61C81D661C571CC8001732B0 /* MoonI.bmp in CopyFiles */ = {isa = PBXBuildFile; fileRef = 61C81D3D1C571C2C001732B0 /* MoonI.bmp */; };
		61C81D671C571CC8001732B0 /* MoonI.obj in CopyFiles */ = {isa = PBXBuildFile; fileRef = 61C81D3E1C571C2C001732B0 /* MoonI.obj */; };
		61C81D681C571CC8001732B0 /* MoonJ.bmp in CopyFiles */ = {isa = PBXBuildFile; fileRef = 61C81D3F1C571C2C001732B0 /* MoonJ.bmp */; };
		61C81D691C571CC8001732B0 /* MoonJ.obj in CopyFiles */ = {isa = PBXBuildFile; fileRef = 61C81D401C571C2C001732B0 /* MoonJ.obj */; };
		61C81D6A1C571CC8001732B0 /* Moons.mtl in CopyFiles */ = {isa = PBXBuildFile; fileRef = 61C81D411C571C2C001732B0 /* Moons.mtl */; };
		61C81D6B1C571CC8001732B0 /* ring.bmp in CopyFiles */ = {isa = PBXBuildFile; fileRef = 61C81D421C571C2C001732B0 /* ring.bmp */; };
		61C81D6C1C571CC8001732B0 /* Ring.obj in CopyFiles */ = {isa = PBXBuildFile; fileRef = 61C81D431C571C2C001732B0 /* Ring.obj */; };
		61C81D6D1C571CC8001732B0 /* ring_particleA.bmp in CopyFiles */ = {isa = PBXBuildFile; fileRef = 61C81D441C571C2C001732B0 /* ring_particleA.bmp */; };
		61C81D6E1C571CC8001732B0 /* RingParticleA0.obj in CopyFiles */ = {isa = PBXBuildFile; fileRef = 61C81D451C571C2C001732B0 /* RingParticleA0.obj */; };
		61C81D6F1C571CC8001732B0 /* RingParticles.mtl in CopyFiles */ = {isa = PBXBuildFile; fileRef = 61C81D461C571C2C001732B0 /* RingParticles.mtl */; };
		61C81D701C571CC8001732B0 /* saturn.bmp in CopyFiles */ = {isa = PBXBuildFile; fileRef = 61C81D471C571C2C001732B0 /* saturn.bmp */; };
		61C81D711C571CC8001732B0 /* Saturn.mtl in CopyFiles */ = {isa = PBXBuildFile; fileRef = 61C81D481C571C2C001732B0 /* Saturn.mtl */; };
		61C81D721C571CC8001732B0 /* Saturn.obj in CopyFiles */ = {isa = PBXBuildFile; fileRef = 61C81D491C571C2C001732B0 /* Saturn.obj */; };
		61C81D731C571CC8001732B0 /* Skybox.mtl in CopyFiles */ = {isa = PBXBuildFile; fileRef = 61C81D4A1C571C2C001732B0 /* Skybox.mtl */; };
		61C81D741C571CC8001732B0 /* Skybox.obj in CopyFiles */ = {isa = PBXBuildFile; fileRef = 61C81D4B1C571C2C001732B0 /* Skybox.obj */; };
		61C81D751C571CC8001732B0 /* skybox1.bmp in CopyFiles */ = {isa = PBXBuildFile; fileRef = 61C81D4C1C571C2C001732B0 /* skybox1.bmp */; };
		61C81D791C571E15001732B0 /* Sector.cpp in Sources */ = {isa = PBXBuildFile; fileRef = 61C81D771C571E15001732B0 /* Sector.cpp */; };
/* End PBXBuildFile section */

/* Begin PBXCopyFilesBuildPhase section */
		61C81CE21C571B98001732B0 /* CopyFiles */ = {
			isa = PBXCopyFilesBuildPhase;
			buildActionMask = 12;
			dstPath = Models;
			dstSubfolderSpec = 16;
			files = (
				61C81D4E1C571CC8001732B0 /* Bolt.mtl in CopyFiles */,
				61C81D4F1C571CC8001732B0 /* Bolt.obj in CopyFiles */,
				61C81D501C571CC8001732B0 /* Grapple-Red.bmp in CopyFiles */,
				61C81D511C571CC8001732B0 /* Grapple.mtl in CopyFiles */,
				61C81D521C571CC8001732B0 /* Grapple.obj in CopyFiles */,
				61C81D531C571CC8001732B0 /* Missile-Red.bmp in CopyFiles */,
				61C81D541C571CC8001732B0 /* Missile.mtl in CopyFiles */,
				61C81D551C571CC8001732B0 /* Missile.obj in CopyFiles */,
				61C81D561C571CC8001732B0 /* MoonA.bmp in CopyFiles */,
				61C81D571C571CC8001732B0 /* MoonA.obj in CopyFiles */,
				61C81D581C571CC8001732B0 /* MoonB.bmp in CopyFiles */,
				61C81D591C571CC8001732B0 /* MoonB.obj in CopyFiles */,
				61C81D5A1C571CC8001732B0 /* MoonC.bmp in CopyFiles */,
				61C81D5B1C571CC8001732B0 /* MoonC.obj in CopyFiles */,
				61C81D5C1C571CC8001732B0 /* MoonD.bmp in CopyFiles */,
				61C81D5D1C571CC8001732B0 /* MoonD.obj in CopyFiles */,
				61C81D5E1C571CC8001732B0 /* MoonE.bmp in CopyFiles */,
				61C81D5F1C571CC8001732B0 /* MoonE.obj in CopyFiles */,
				61C81D601C571CC8001732B0 /* MoonF.bmp in CopyFiles */,
				61C81D611C571CC8001732B0 /* MoonF.obj in CopyFiles */,
				61C81D621C571CC8001732B0 /* MoonG.bmp in CopyFiles */,
				61C81D631C571CC8001732B0 /* MoonG.obj in CopyFiles */,
				61C81D641C571CC8001732B0 /* MoonH.bmp in CopyFiles */,
				61C81D651C571CC8001732B0 /* MoonH.obj in CopyFiles */,
				61C81D661C571CC8001732B0 /* MoonI.bmp in CopyFiles */,
				61C81D671C571CC8001732B0 /* MoonI.obj in CopyFiles */,
				61C81D681C571CC8001732B0 /* MoonJ.bmp in CopyFiles */,
				61C81D691C571CC8001732B0 /* MoonJ.obj in CopyFiles */,
				61C81D6A1C571CC8001732B0 /* Moons.mtl in CopyFiles */,
				61C81D6B1C571CC8001732B0 /* ring.bmp in CopyFiles */,
				61C81D6C1C571CC8001732B0 /* Ring.obj in CopyFiles */,
				61C81D6D1C571CC8001732B0 /* ring_particleA.bmp in CopyFiles */,
				61C81D6E1C571CC8001732B0 /* RingParticleA0.obj in CopyFiles */,
				61C81D6F1C571CC8001732B0 /* RingParticles.mtl in CopyFiles */,
				61C81D701C571CC8001732B0 /* saturn.bmp in CopyFiles */,
				61C81D711C571CC8001732B0 /* Saturn.mtl in CopyFiles */,
				61C81D721C571CC8001732B0 /* Saturn.obj in CopyFiles */,
				61C81D731C571CC8001732B0 /* Skybox.mtl in CopyFiles */,
				61C81D741C571CC8001732B0 /* Skybox.obj in CopyFiles */,
				61C81D751C571CC8001732B0 /* skybox1.bmp in CopyFiles */,
			);
			runOnlyForDeploymentPostprocessing = 0;
		};
/* End PBXCopyFilesBuildPhase section */

/* Begin PBXFileReference section */
		619D96C51C5B0F9800E3AA6D /* World.cpp */ = {isa = PBXFileReference; fileEncoding = 4; lastKnownFileType = sourcecode.cpp.cpp; path = World.cpp; sourceTree = "<group>"; };
		619D96C61C5B0F9800E3AA6D /* World.h */ = {isa = PBXFileReference; fileEncoding = 4; lastKnownFileType = sourcecode.c.h; path = World.h; sourceTree = "<group>"; };
		61C81CE41C571B98001732B0 /* cs409a2 */ = {isa = PBXFileReference; explicitFileType = "compiled.mach-o.executable"; includeInIndex = 0; path = cs409a2; sourceTree = BUILT_PRODUCTS_DIR; };
		61C81CEE1C571BC3001732B0 /* Sleep.h */ = {isa = PBXFileReference; fileEncoding = 4; lastKnownFileType = sourcecode.c.h; path = Sleep.h; sourceTree = "<group>"; };
		61C81CEF1C571BC3001732B0 /* Sleep.cpp */ = {isa = PBXFileReference; fileEncoding = 4; lastKnownFileType = sourcecode.cpp.cpp; path = Sleep.cpp; sourceTree = "<group>"; };
		61C81CF01C571BC3001732B0 /* main.cpp */ = {isa = PBXFileReference; fileEncoding = 4; lastKnownFileType = sourcecode.cpp.cpp; path = main.cpp; sourceTree = "<group>"; };
		61C81CF11C571BC3001732B0 /* GetGlut.h */ = {isa = PBXFileReference; fileEncoding = 4; lastKnownFileType = sourcecode.c.h; path = GetGlut.h; sourceTree = "<group>"; };
		61C81CF21C571BC3001732B0 /* CoordinateSystem.h */ = {isa = PBXFileReference; fileEncoding = 4; lastKnownFileType = sourcecode.c.h; path = CoordinateSystem.h; sourceTree = "<group>"; };
		61C81CF31C571BC3001732B0 /* CoordinateSystem.cpp */ = {isa = PBXFileReference; fileEncoding = 4; lastKnownFileType = sourcecode.cpp.cpp; path = CoordinateSystem.cpp; sourceTree = "<group>"; };
		61C81CF81C571BDA001732B0 /* DisplayList.cpp */ = {isa = PBXFileReference; fileEncoding = 4; lastKnownFileType = sourcecode.cpp.cpp; path = DisplayList.cpp; sourceTree = "<group>"; };
		61C81CF91C571BDA001732B0 /* DisplayList.h */ = {isa = PBXFileReference; fileEncoding = 4; lastKnownFileType = sourcecode.c.h; path = DisplayList.h; sourceTree = "<group>"; };
		61C81CFA1C571BDA001732B0 /* GetGlut.h */ = {isa = PBXFileReference; fileEncoding = 4; lastKnownFileType = sourcecode.c.h; path = GetGlut.h; sourceTree = "<group>"; };
		61C81CFB1C571BDA001732B0 /* GLUT.h */ = {isa = PBXFileReference; fileEncoding = 4; lastKnownFileType = sourcecode.c.h; path = GLUT.h; sourceTree = "<group>"; };
		61C81CFC1C571BDA001732B0 /* Material.cpp */ = {isa = PBXFileReference; fileEncoding = 4; lastKnownFileType = sourcecode.cpp.cpp; path = Material.cpp; sourceTree = "<group>"; };
		61C81CFD1C571BDA001732B0 /* Material.h */ = {isa = PBXFileReference; fileEncoding = 4; lastKnownFileType = sourcecode.c.h; path = Material.h; sourceTree = "<group>"; };
		61C81CFE1C571BDA001732B0 /* MtlLibrary.cpp */ = {isa = PBXFileReference; fileEncoding = 4; lastKnownFileType = sourcecode.cpp.cpp; path = MtlLibrary.cpp; sourceTree = "<group>"; };
		61C81CFF1C571BDA001732B0 /* MtlLibrary.h */ = {isa = PBXFileReference; fileEncoding = 4; lastKnownFileType = sourcecode.c.h; path = MtlLibrary.h; sourceTree = "<group>"; };
		61C81D001C571BDA001732B0 /* MtlLibraryManager.cpp */ = {isa = PBXFileReference; fileEncoding = 4; lastKnownFileType = sourcecode.cpp.cpp; path = MtlLibraryManager.cpp; sourceTree = "<group>"; };
		61C81D011C571BDA001732B0 /* MtlLibraryManager.h */ = {isa = PBXFileReference; fileEncoding = 4; lastKnownFileType = sourcecode.c.h; path = MtlLibraryManager.h; sourceTree = "<group>"; };
		61C81D021C571BDA001732B0 /* ObjLibrary-development-log.txt */ = {isa = PBXFileReference; fileEncoding = 4; lastKnownFileType = text; path = "ObjLibrary-development-log.txt"; sourceTree = "<group>"; };
		61C81D031C571BDA001732B0 /* ObjModel.cpp */ = {isa = PBXFileReference; fileEncoding = 4; lastKnownFileType = sourcecode.cpp.cpp; path = ObjModel.cpp; sourceTree = "<group>"; };
		61C81D041C571BDA001732B0 /* ObjModel.h */ = {isa = PBXFileReference; fileEncoding = 4; lastKnownFileType = sourcecode.c.h; path = ObjModel.h; sourceTree = "<group>"; };
		61C81D051C571BDA001732B0 /* ObjSettings.h */ = {isa = PBXFileReference; fileEncoding = 4; lastKnownFileType = sourcecode.c.h; path = ObjSettings.h; sourceTree = "<group>"; };
		61C81D061C571BDA001732B0 /* ObjStringParsing.cpp */ = {isa = PBXFileReference; fileEncoding = 4; lastKnownFileType = sourcecode.cpp.cpp; path = ObjStringParsing.cpp; sourceTree = "<group>"; };
		61C81D071C571BDA001732B0 /* ObjStringParsing.h */ = {isa = PBXFileReference; fileEncoding = 4; lastKnownFileType = sourcecode.c.h; path = ObjStringParsing.h; sourceTree = "<group>"; };
		61C81D081C571BDA001732B0 /* SpriteFont.cpp */ = {isa = PBXFileReference; fileEncoding = 4; lastKnownFileType = sourcecode.cpp.cpp; path = SpriteFont.cpp; sourceTree = "<group>"; };
		61C81D091C571BDA001732B0 /* SpriteFont.h */ = {isa = PBXFileReference; fileEncoding = 4; lastKnownFileType = sourcecode.c.h; path = SpriteFont.h; sourceTree = "<group>"; };
		61C81D0A1C571BDA001732B0 /* Texture.cpp */ = {isa = PBXFileReference; fileEncoding = 4; lastKnownFileType = sourcecode.cpp.cpp; path = Texture.cpp; sourceTree = "<group>"; };
		61C81D0B1C571BDA001732B0 /* Texture.h */ = {isa = PBXFileReference; fileEncoding = 4; lastKnownFileType = sourcecode.c.h; path = Texture.h; sourceTree = "<group>"; };
		61C81D0C1C571BDA001732B0 /* TextureBmp.cpp */ = {isa = PBXFileReference; fileEncoding = 4; lastKnownFileType = sourcecode.cpp.cpp; path = TextureBmp.cpp; sourceTree = "<group>"; };
		61C81D0D1C571BDA001732B0 /* TextureBmp.h */ = {isa = PBXFileReference; fileEncoding = 4; lastKnownFileType = sourcecode.c.h; path = TextureBmp.h; sourceTree = "<group>"; };
		61C81D0E1C571BDA001732B0 /* TextureManager.cpp */ = {isa = PBXFileReference; fileEncoding = 4; lastKnownFileType = sourcecode.cpp.cpp; path = TextureManager.cpp; sourceTree = "<group>"; };
		61C81D0F1C571BDA001732B0 /* TextureManager.h */ = {isa = PBXFileReference; fileEncoding = 4; lastKnownFileType = sourcecode.c.h; path = TextureManager.h; sourceTree = "<group>"; };
		61C81D101C571BDA001732B0 /* Vector2.cpp */ = {isa = PBXFileReference; fileEncoding = 4; lastKnownFileType = sourcecode.cpp.cpp; path = Vector2.cpp; sourceTree = "<group>"; };
		61C81D111C571BDA001732B0 /* Vector2.h */ = {isa = PBXFileReference; fileEncoding = 4; lastKnownFileType = sourcecode.c.h; path = Vector2.h; sourceTree = "<group>"; };
		61C81D121C571BDA001732B0 /* Vector3.cpp */ = {isa = PBXFileReference; fileEncoding = 4; lastKnownFileType = sourcecode.cpp.cpp; path = Vector3.cpp; sourceTree = "<group>"; };
		61C81D131C571BDA001732B0 /* Vector3.h */ = {isa = PBXFileReference; fileEncoding = 4; lastKnownFileType = sourcecode.c.h; path = Vector3.h; sourceTree = "<group>"; };
		61C81D201C571BEE001732B0 /* GLUT.framework */ = {isa = PBXFileReference; lastKnownFileType = wrapper.framework; name = GLUT.framework; path = System/Library/Frameworks/GLUT.framework; sourceTree = SDKROOT; };
		61C81D211C571BEE001732B0 /* OpenGL.framework */ = {isa = PBXFileReference; lastKnownFileType = wrapper.framework; name = OpenGL.framework; path = System/Library/Frameworks/OpenGL.framework; sourceTree = SDKROOT; };
		61C81D251C571C2C001732B0 /* Bolt.mtl */ = {isa = PBXFileReference; fileEncoding = 4; lastKnownFileType = text; path = Bolt.mtl; sourceTree = "<group>"; };
		61C81D261C571C2C001732B0 /* Bolt.obj */ = {isa = PBXFileReference; fileEncoding = 4; lastKnownFileType = text; path = Bolt.obj; sourceTree = "<group>"; };
		61C81D271C571C2C001732B0 /* Grapple-Red.bmp */ = {isa = PBXFileReference; lastKnownFileType = image.bmp; path = "Grapple-Red.bmp"; sourceTree = "<group>"; };
		61C81D281C571C2C001732B0 /* Grapple.mtl */ = {isa = PBXFileReference; fileEncoding = 4; lastKnownFileType = text; path = Grapple.mtl; sourceTree = "<group>"; };
		61C81D291C571C2C001732B0 /* Grapple.obj */ = {isa = PBXFileReference; fileEncoding = 4; lastKnownFileType = text; path = Grapple.obj; sourceTree = "<group>"; };
		61C81D2A1C571C2C001732B0 /* Missile-Red.bmp */ = {isa = PBXFileReference; lastKnownFileType = image.bmp; path = "Missile-Red.bmp"; sourceTree = "<group>"; };
		61C81D2B1C571C2C001732B0 /* Missile.mtl */ = {isa = PBXFileReference; fileEncoding = 4; lastKnownFileType = text; path = Missile.mtl; sourceTree = "<group>"; };
		61C81D2C1C571C2C001732B0 /* Missile.obj */ = {isa = PBXFileReference; fileEncoding = 4; lastKnownFileType = text; path = Missile.obj; sourceTree = "<group>"; };
		61C81D2D1C571C2C001732B0 /* MoonA.bmp */ = {isa = PBXFileReference; lastKnownFileType = image.bmp; path = MoonA.bmp; sourceTree = "<group>"; };
		61C81D2E1C571C2C001732B0 /* MoonA.obj */ = {isa = PBXFileReference; fileEncoding = 4; lastKnownFileType = text; path = MoonA.obj; sourceTree = "<group>"; };
		61C81D2F1C571C2C001732B0 /* MoonB.bmp */ = {isa = PBXFileReference; lastKnownFileType = image.bmp; path = MoonB.bmp; sourceTree = "<group>"; };
		61C81D301C571C2C001732B0 /* MoonB.obj */ = {isa = PBXFileReference; fileEncoding = 4; lastKnownFileType = text; path = MoonB.obj; sourceTree = "<group>"; };
		61C81D311C571C2C001732B0 /* MoonC.bmp */ = {isa = PBXFileReference; lastKnownFileType = image.bmp; path = MoonC.bmp; sourceTree = "<group>"; };
		61C81D321C571C2C001732B0 /* MoonC.obj */ = {isa = PBXFileReference; fileEncoding = 4; lastKnownFileType = text; path = MoonC.obj; sourceTree = "<group>"; };
		61C81D331C571C2C001732B0 /* MoonD.bmp */ = {isa = PBXFileReference; lastKnownFileType = image.bmp; path = MoonD.bmp; sourceTree = "<group>"; };
		61C81D341C571C2C001732B0 /* MoonD.obj */ = {isa = PBXFileReference; fileEncoding = 4; lastKnownFileType = text; path = MoonD.obj; sourceTree = "<group>"; };
		61C81D351C571C2C001732B0 /* MoonE.bmp */ = {isa = PBXFileReference; lastKnownFileType = image.bmp; path = MoonE.bmp; sourceTree = "<group>"; };
		61C81D361C571C2C001732B0 /* MoonE.obj */ = {isa = PBXFileReference; fileEncoding = 4; lastKnownFileType = text; path = MoonE.obj; sourceTree = "<group>"; };
		61C81D371C571C2C001732B0 /* MoonF.bmp */ = {isa = PBXFileReference; lastKnownFileType = image.bmp; path = MoonF.bmp; sourceTree = "<group>"; };
		61C81D381C571C2C001732B0 /* MoonF.obj */ = {isa = PBXFileReference; fileEncoding = 4; lastKnownFileType = text; path = MoonF.obj; sourceTree = "<group>"; };
		61C81D391C571C2C001732B0 /* MoonG.bmp */ = {isa = PBXFileReference; lastKnownFileType = image.bmp; path = MoonG.bmp; sourceTree = "<group>"; };
		61C81D3A1C571C2C001732B0 /* MoonG.obj */ = {isa = PBXFileReference; fileEncoding = 4; lastKnownFileType = text; path = MoonG.obj; sourceTree = "<group>"; };
		61C81D3B1C571C2C001732B0 /* MoonH.bmp */ = {isa = PBXFileReference; lastKnownFileType = image.bmp; path = MoonH.bmp; sourceTree = "<group>"; };
		61C81D3C1C571C2C001732B0 /* MoonH.obj */ = {isa = PBXFileReference; fileEncoding = 4; lastKnownFileType = text; path = MoonH.obj; sourceTree = "<group>"; };
		61C81D3D1C571C2C001732B0 /* MoonI.bmp */ = {isa = PBXFileReference; lastKnownFileType = image.bmp; path = MoonI.bmp; sourceTree = "<group>"; };
		61C81D3E1C571C2C001732B0 /* MoonI.obj */ = {isa = PBXFileReference; fileEncoding = 4; lastKnownFileType = text; path = MoonI.obj; sourceTree = "<group>"; };
		61C81D3F1C571C2C001732B0 /* MoonJ.bmp */ = {isa = PBXFileReference; lastKnownFileType = image.bmp; path = MoonJ.bmp; sourceTree = "<group>"; };
		61C81D401C571C2C001732B0 /* MoonJ.obj */ = {isa = PBXFileReference; fileEncoding = 4; lastKnownFileType = text; path = MoonJ.obj; sourceTree = "<group>"; };
		61C81D411C571C2C001732B0 /* Moons.mtl */ = {isa = PBXFileReference; fileEncoding = 4; lastKnownFileType = text; path = Moons.mtl; sourceTree = "<group>"; };
		61C81D421C571C2C001732B0 /* ring.bmp */ = {isa = PBXFileReference; lastKnownFileType = image.bmp; path = ring.bmp; sourceTree = "<group>"; };
		61C81D431C571C2C001732B0 /* Ring.obj */ = {isa = PBXFileReference; fileEncoding = 4; lastKnownFileType = text; path = Ring.obj; sourceTree = "<group>"; };
		61C81D441C571C2C001732B0 /* ring_particleA.bmp */ = {isa = PBXFileReference; lastKnownFileType = image.bmp; path = ring_particleA.bmp; sourceTree = "<group>"; };
		61C81D451C571C2C001732B0 /* RingParticleA0.obj */ = {isa = PBXFileReference; fileEncoding = 4; lastKnownFileType = text; path = RingParticleA0.obj; sourceTree = "<group>"; };
		61C81D461C571C2C001732B0 /* RingParticles.mtl */ = {isa = PBXFileReference; fileEncoding = 4; lastKnownFileType = text; path = RingParticles.mtl; sourceTree = "<group>"; };
		61C81D471C571C2C001732B0 /* saturn.bmp */ = {isa = PBXFileReference; lastKnownFileType = image.bmp; path = saturn.bmp; sourceTree = "<group>"; };
		61C81D481C571C2C001732B0 /* Saturn.mtl */ = {isa = PBXFileReference; fileEncoding = 4; lastKnownFileType = text; path = Saturn.mtl; sourceTree = "<group>"; };
		61C81D491C571C2C001732B0 /* Saturn.obj */ = {isa = PBXFileReference; fileEncoding = 4; lastKnownFileType = text; path = Saturn.obj; sourceTree = "<group>"; };
		61C81D4A1C571C2C001732B0 /* Skybox.mtl */ = {isa = PBXFileReference; fileEncoding = 4; lastKnownFileType = text; path = Skybox.mtl; sourceTree = "<group>"; };
		61C81D4B1C571C2C001732B0 /* Skybox.obj */ = {isa = PBXFileReference; fileEncoding = 4; lastKnownFileType = text; path = Skybox.obj; sourceTree = "<group>"; };
		61C81D4C1C571C2C001732B0 /* skybox1.bmp */ = {isa = PBXFileReference; lastKnownFileType = image.bmp; path = skybox1.bmp; sourceTree = "<group>"; };
		61C81D4D1C571C2C001732B0 /* Sources.txt */ = {isa = PBXFileReference; fileEncoding = 4; lastKnownFileType = text; path = Sources.txt; sourceTree = "<group>"; };
		61C81D771C571E15001732B0 /* Sector.cpp */ = {isa = PBXFileReference; fileEncoding = 4; lastKnownFileType = sourcecode.cpp.cpp; path = Sector.cpp; sourceTree = "<group>"; };
		61C81D781C571E15001732B0 /* Sector.h */ = {isa = PBXFileReference; fileEncoding = 4; lastKnownFileType = sourcecode.c.h; path = Sector.h; sourceTree = "<group>"; };
/* End PBXFileReference section */

/* Begin PBXFrameworksBuildPhase section */
		61C81CE11C571B98001732B0 /* Frameworks */ = {
			isa = PBXFrameworksBuildPhase;
			buildActionMask = 2147483647;
			files = (
				61C81D221C571BEE001732B0 /* GLUT.framework in Frameworks */,
				61C81D231C571BEE001732B0 /* OpenGL.framework in Frameworks */,
			);
			runOnlyForDeploymentPostprocessing = 0;
		};
/* End PBXFrameworksBuildPhase section */

/* Begin PBXGroup section */
		61C81CDB1C571B98001732B0 = {
			isa = PBXGroup;
			children = (
				61C81D201C571BEE001732B0 /* GLUT.framework */,
				61C81D211C571BEE001732B0 /* OpenGL.framework */,
				61C81CF71C571BDA001732B0 /* ObjLibrary */,
				61C81CE61C571B98001732B0 /* cs409a2 */,
				61C81D241C571C2C001732B0 /* Models */,
				61C81CE51C571B98001732B0 /* Products */,
			);
			sourceTree = "<group>";
		};
		61C81CE51C571B98001732B0 /* Products */ = {
			isa = PBXGroup;
			children = (
				61C81CE41C571B98001732B0 /* cs409a2 */,
			);
			name = Products;
			sourceTree = "<group>";
		};
		61C81CE61C571B98001732B0 /* cs409a2 */ = {
			isa = PBXGroup;
			children = (
				61C81CEE1C571BC3001732B0 /* Sleep.h */,
				61C81CEF1C571BC3001732B0 /* Sleep.cpp */,
				61C81CF01C571BC3001732B0 /* main.cpp */,
				61C81CF11C571BC3001732B0 /* GetGlut.h */,
				61C81CF21C571BC3001732B0 /* CoordinateSystem.h */,
				61C81CF31C571BC3001732B0 /* CoordinateSystem.cpp */,
				61C81D771C571E15001732B0 /* Sector.cpp */,
				61C81D781C571E15001732B0 /* Sector.h */,
				619D96C51C5B0F9800E3AA6D /* World.cpp */,
				619D96C61C5B0F9800E3AA6D /* World.h */,
			);
			path = cs409a2;
			sourceTree = "<group>";
		};
		61C81CF71C571BDA001732B0 /* ObjLibrary */ = {
			isa = PBXGroup;
			children = (
				61C81CF81C571BDA001732B0 /* DisplayList.cpp */,
				61C81CF91C571BDA001732B0 /* DisplayList.h */,
				61C81CFA1C571BDA001732B0 /* GetGlut.h */,
				61C81CFB1C571BDA001732B0 /* GLUT.h */,
				61C81CFC1C571BDA001732B0 /* Material.cpp */,
				61C81CFD1C571BDA001732B0 /* Material.h */,
				61C81CFE1C571BDA001732B0 /* MtlLibrary.cpp */,
				61C81CFF1C571BDA001732B0 /* MtlLibrary.h */,
				61C81D001C571BDA001732B0 /* MtlLibraryManager.cpp */,
				61C81D011C571BDA001732B0 /* MtlLibraryManager.h */,
				61C81D021C571BDA001732B0 /* ObjLibrary-development-log.txt */,
				61C81D031C571BDA001732B0 /* ObjModel.cpp */,
				61C81D041C571BDA001732B0 /* ObjModel.h */,
				61C81D051C571BDA001732B0 /* ObjSettings.h */,
				61C81D061C571BDA001732B0 /* ObjStringParsing.cpp */,
				61C81D071C571BDA001732B0 /* ObjStringParsing.h */,
				61C81D081C571BDA001732B0 /* SpriteFont.cpp */,
				61C81D091C571BDA001732B0 /* SpriteFont.h */,
				61C81D0A1C571BDA001732B0 /* Texture.cpp */,
				61C81D0B1C571BDA001732B0 /* Texture.h */,
				61C81D0C1C571BDA001732B0 /* TextureBmp.cpp */,
				61C81D0D1C571BDA001732B0 /* TextureBmp.h */,
				61C81D0E1C571BDA001732B0 /* TextureManager.cpp */,
				61C81D0F1C571BDA001732B0 /* TextureManager.h */,
				61C81D101C571BDA001732B0 /* Vector2.cpp */,
				61C81D111C571BDA001732B0 /* Vector2.h */,
				61C81D121C571BDA001732B0 /* Vector3.cpp */,
				61C81D131C571BDA001732B0 /* Vector3.h */,
			);
			name = ObjLibrary;
			path = ../ObjLibrary;
			sourceTree = "<group>";
		};
		61C81D241C571C2C001732B0 /* Models */ = {
			isa = PBXGroup;
			children = (
				61C81D251C571C2C001732B0 /* Bolt.mtl */,
				61C81D261C571C2C001732B0 /* Bolt.obj */,
				61C81D271C571C2C001732B0 /* Grapple-Red.bmp */,
				61C81D281C571C2C001732B0 /* Grapple.mtl */,
				61C81D291C571C2C001732B0 /* Grapple.obj */,
				61C81D2A1C571C2C001732B0 /* Missile-Red.bmp */,
				61C81D2B1C571C2C001732B0 /* Missile.mtl */,
				61C81D2C1C571C2C001732B0 /* Missile.obj */,
				61C81D2D1C571C2C001732B0 /* MoonA.bmp */,
				61C81D2E1C571C2C001732B0 /* MoonA.obj */,
				61C81D2F1C571C2C001732B0 /* MoonB.bmp */,
				61C81D301C571C2C001732B0 /* MoonB.obj */,
				61C81D311C571C2C001732B0 /* MoonC.bmp */,
				61C81D321C571C2C001732B0 /* MoonC.obj */,
				61C81D331C571C2C001732B0 /* MoonD.bmp */,
				61C81D341C571C2C001732B0 /* MoonD.obj */,
				61C81D351C571C2C001732B0 /* MoonE.bmp */,
				61C81D361C571C2C001732B0 /* MoonE.obj */,
				61C81D371C571C2C001732B0 /* MoonF.bmp */,
				61C81D381C571C2C001732B0 /* MoonF.obj */,
				61C81D391C571C2C001732B0 /* MoonG.bmp */,
				61C81D3A1C571C2C001732B0 /* MoonG.obj */,
				61C81D3B1C571C2C001732B0 /* MoonH.bmp */,
				61C81D3C1C571C2C001732B0 /* MoonH.obj */,
				61C81D3D1C571C2C001732B0 /* MoonI.bmp */,
				61C81D3E1C571C2C001732B0 /* MoonI.obj */,
				61C81D3F1C571C2C001732B0 /* MoonJ.bmp */,
				61C81D401C571C2C001732B0 /* MoonJ.obj */,
				61C81D411C571C2C001732B0 /* Moons.mtl */,
				61C81D421C571C2C001732B0 /* ring.bmp */,
				61C81D431C571C2C001732B0 /* Ring.obj */,
				61C81D441C571C2C001732B0 /* ring_particleA.bmp */,
				61C81D451C571C2C001732B0 /* RingParticleA0.obj */,
				61C81D461C571C2C001732B0 /* RingParticles.mtl */,
				61C81D471C571C2C001732B0 /* saturn.bmp */,
				61C81D481C571C2C001732B0 /* Saturn.mtl */,
				61C81D491C571C2C001732B0 /* Saturn.obj */,
				61C81D4A1C571C2C001732B0 /* Skybox.mtl */,
				61C81D4B1C571C2C001732B0 /* Skybox.obj */,
				61C81D4C1C571C2C001732B0 /* skybox1.bmp */,
				61C81D4D1C571C2C001732B0 /* Sources.txt */,
			);
			name = Models;
			path = cs409a2/Models;
			sourceTree = "<group>";
		};
/* End PBXGroup section */

/* Begin PBXNativeTarget section */
		61C81CE31C571B98001732B0 /* cs409a2 */ = {
			isa = PBXNativeTarget;
			buildConfigurationList = 61C81CEB1C571B98001732B0 /* Build configuration list for PBXNativeTarget "cs409a2" */;
			buildPhases = (
				61C81CE01C571B98001732B0 /* Sources */,
				61C81CE11C571B98001732B0 /* Frameworks */,
				61C81CE21C571B98001732B0 /* CopyFiles */,
			);
			buildRules = (
			);
			dependencies = (
			);
			name = cs409a2;
			productName = cs409a2;
			productReference = 61C81CE41C571B98001732B0 /* cs409a2 */;
			productType = "com.apple.product-type.tool";
		};
/* End PBXNativeTarget section */

/* Begin PBXProject section */
		61C81CDC1C571B98001732B0 /* Project object */ = {
			isa = PBXProject;
			attributes = {
				LastUpgradeCheck = 0720;
				ORGANIZATIONNAME = "Brayden Streibel";
				TargetAttributes = {
					61C81CE31C571B98001732B0 = {
						CreatedOnToolsVersion = 7.2;
					};
				};
			};
			buildConfigurationList = 61C81CDF1C571B98001732B0 /* Build configuration list for PBXProject "cs409a2" */;
			compatibilityVersion = "Xcode 3.2";
			developmentRegion = English;
			hasScannedForEncodings = 0;
			knownRegions = (
				en,
			);
			mainGroup = 61C81CDB1C571B98001732B0;
			productRefGroup = 61C81CE51C571B98001732B0 /* Products */;
			projectDirPath = "";
			projectRoot = "";
			targets = (
				61C81CE31C571B98001732B0 /* cs409a2 */,
			);
		};
/* End PBXProject section */

/* Begin PBXSourcesBuildPhase section */
		61C81CE01C571B98001732B0 /* Sources */ = {
			isa = PBXSourcesBuildPhase;
			buildActionMask = 2147483647;
			files = (
				61C81D171C571BDA001732B0 /* MtlLibraryManager.cpp in Sources */,
				61C81D1F1C571BDA001732B0 /* Vector3.cpp in Sources */,
				61C81D1E1C571BDA001732B0 /* Vector2.cpp in Sources */,
				61C81D1A1C571BDA001732B0 /* SpriteFont.cpp in Sources */,
				61C81D181C571BDA001732B0 /* ObjModel.cpp in Sources */,
				61C81D1C1C571BDA001732B0 /* TextureBmp.cpp in Sources */,
				61C81CF61C571BC3001732B0 /* CoordinateSystem.cpp in Sources */,
				61C81D1D1C571BDA001732B0 /* TextureManager.cpp in Sources */,
				61C81CF51C571BC3001732B0 /* main.cpp in Sources */,
				61C81D791C571E15001732B0 /* Sector.cpp in Sources */,
				61C81D141C571BDA001732B0 /* DisplayList.cpp in Sources */,
				61C81D161C571BDA001732B0 /* MtlLibrary.cpp in Sources */,
				61C81D151C571BDA001732B0 /* Material.cpp in Sources */,
				61C81D191C571BDA001732B0 /* ObjStringParsing.cpp in Sources */,
				61C81CF41C571BC3001732B0 /* Sleep.cpp in Sources */,
				61C81D1B1C571BDA001732B0 /* Texture.cpp in Sources */,
				619D96C71C5B0F9800E3AA6D /* World.cpp in Sources */,
			);
			runOnlyForDeploymentPostprocessing = 0;
		};
/* End PBXSourcesBuildPhase section */

/* Begin XCBuildConfiguration section */
		61C81CE91C571B98001732B0 /* Debug */ = {
			isa = XCBuildConfiguration;
			buildSettings = {
				ALWAYS_SEARCH_USER_PATHS = NO;
				CLANG_CXX_LANGUAGE_STANDARD = "gnu++0x";
				CLANG_CXX_LIBRARY = "libc++";
				CLANG_ENABLE_MODULES = YES;
				CLANG_ENABLE_OBJC_ARC = YES;
				CLANG_WARN_BOOL_CONVERSION = YES;
				CLANG_WARN_CONSTANT_CONVERSION = YES;
				CLANG_WARN_DIRECT_OBJC_ISA_USAGE = YES_ERROR;
				CLANG_WARN_EMPTY_BODY = YES;
				CLANG_WARN_ENUM_CONVERSION = YES;
				CLANG_WARN_INT_CONVERSION = YES;
				CLANG_WARN_OBJC_ROOT_CLASS = YES_ERROR;
				CLANG_WARN_UNREACHABLE_CODE = YES;
				CLANG_WARN__DUPLICATE_METHOD_MATCH = YES;
				CODE_SIGN_IDENTITY = "-";
				COPY_PHASE_STRIP = NO;
				DEBUG_INFORMATION_FORMAT = dwarf;
				ENABLE_STRICT_OBJC_MSGSEND = YES;
				ENABLE_TESTABILITY = YES;
				GCC_C_LANGUAGE_STANDARD = gnu99;
				GCC_DYNAMIC_NO_PIC = NO;
				GCC_NO_COMMON_BLOCKS = YES;
				GCC_OPTIMIZATION_LEVEL = 0;
				GCC_PREPROCESSOR_DEFINITIONS = (
					"DEBUG=1",
					"$(inherited)",
				);
				GCC_WARN_64_TO_32_BIT_CONVERSION = YES;
				GCC_WARN_ABOUT_RETURN_TYPE = YES_ERROR;
				GCC_WARN_UNDECLARED_SELECTOR = YES;
				GCC_WARN_UNINITIALIZED_AUTOS = YES_AGGRESSIVE;
				GCC_WARN_UNUSED_FUNCTION = YES;
				GCC_WARN_UNUSED_VARIABLE = YES;
				MACOSX_DEPLOYMENT_TARGET = 10.11;
				MTL_ENABLE_DEBUG_INFO = YES;
				ONLY_ACTIVE_ARCH = YES;
				SDKROOT = macosx;
			};
			name = Debug;
		};
		61C81CEA1C571B98001732B0 /* Release */ = {
			isa = XCBuildConfiguration;
			buildSettings = {
				ALWAYS_SEARCH_USER_PATHS = NO;
				CLANG_CXX_LANGUAGE_STANDARD = "gnu++0x";
				CLANG_CXX_LIBRARY = "libc++";
				CLANG_ENABLE_MODULES = YES;
				CLANG_ENABLE_OBJC_ARC = YES;
				CLANG_WARN_BOOL_CONVERSION = YES;
				CLANG_WARN_CONSTANT_CONVERSION = YES;
				CLANG_WARN_DIRECT_OBJC_ISA_USAGE = YES_ERROR;
				CLANG_WARN_EMPTY_BODY = YES;
				CLANG_WARN_ENUM_CONVERSION = YES;
				CLANG_WARN_INT_CONVERSION = YES;
				CLANG_WARN_OBJC_ROOT_CLASS = YES_ERROR;
				CLANG_WARN_UNREACHABLE_CODE = YES;
				CLANG_WARN__DUPLICATE_METHOD_MATCH = YES;
				CODE_SIGN_IDENTITY = "-";
				COPY_PHASE_STRIP = NO;
				DEBUG_INFORMATION_FORMAT = "dwarf-with-dsym";
				ENABLE_NS_ASSERTIONS = NO;
				ENABLE_STRICT_OBJC_MSGSEND = YES;
				GCC_C_LANGUAGE_STANDARD = gnu99;
				GCC_NO_COMMON_BLOCKS = YES;
				GCC_WARN_64_TO_32_BIT_CONVERSION = YES;
				GCC_WARN_ABOUT_RETURN_TYPE = YES_ERROR;
				GCC_WARN_UNDECLARED_SELECTOR = YES;
				GCC_WARN_UNINITIALIZED_AUTOS = YES_AGGRESSIVE;
				GCC_WARN_UNUSED_FUNCTION = YES;
				GCC_WARN_UNUSED_VARIABLE = YES;
				MACOSX_DEPLOYMENT_TARGET = 10.11;
				MTL_ENABLE_DEBUG_INFO = NO;
				SDKROOT = macosx;
			};
			name = Release;
		};
		61C81CEC1C571B98001732B0 /* Debug */ = {
			isa = XCBuildConfiguration;
			buildSettings = {
				PRODUCT_NAME = "$(TARGET_NAME)";
			};
			name = Debug;
		};
		61C81CED1C571B98001732B0 /* Release */ = {
			isa = XCBuildConfiguration;
			buildSettings = {
				PRODUCT_NAME = "$(TARGET_NAME)";
			};
			name = Release;
		};
/* End XCBuildConfiguration section */

/* Begin XCConfigurationList section */
		61C81CDF1C571B98001732B0 /* Build configuration list for PBXProject "cs409a2" */ = {
			isa = XCConfigurationList;
			buildConfigurations = (
				61C81CE91C571B98001732B0 /* Debug */,
				61C81CEA1C571B98001732B0 /* Release */,
			);
			defaultConfigurationIsVisible = 0;
			defaultConfigurationName = Release;
		};
		61C81CEB1C571B98001732B0 /* Build configuration list for PBXNativeTarget "cs409a2" */ = {
			isa = XCConfigurationList;
			buildConfigurations = (
				61C81CEC1C571B98001732B0 /* Debug */,
				61C81CED1C571B98001732B0 /* Release */,
			);
			defaultConfigurationIsVisible = 0;
			defaultConfigurationName = Release;
		};
/* End XCConfigurationList section */
	};
	rootObject = 61C81CDC1C571B98001732B0 /* Project object */;
}
